
Microsoft Visual Studio Solution File, Format Version 12.00
# Visual Studio Version 16
VisualStudioVersion = 16.0.29326.143
MinimumVisualStudioVersion = 10.0.40219.1
Project("{FAE04EC0-301F-11D3-BF4B-00C04F79EFBC}") = "PROJECT3", "PROJECT3\PROJECT3.csproj", "{567ED2CD-E2E8-481A-9C36-351503EEB0DD}"
EndProject
Global
	GlobalSection(SolutionConfigurationPlatforms) = preSolution
		Debug|Any CPU = Debug|Any CPU
		Release|Any CPU = Release|Any CPU
	EndGlobalSection
	GlobalSection(ProjectConfigurationPlatforms) = postSolution
		{567ED2CD-E2E8-481A-9C36-351503EEB0DD}.Debug|Any CPU.ActiveCfg = Debug|Any CPU
		{567ED2CD-E2E8-481A-9C36-351503EEB0DD}.Debug|Any CPU.Build.0 = Debug|Any CPU
		{567ED2CD-E2E8-481A-9C36-351503EEB0DD}.Release|Any CPU.ActiveCfg = Release|Any CPU
		{567ED2CD-E2E8-481A-9C36-351503EEB0DD}.Release|Any CPU.Build.0 = Release|Any CPU
	EndGlobalSection
	GlobalSection(SolutionProperties) = preSolution
		HideSolutionNode = FALSE
	EndGlobalSection
	GlobalSection(ExtensibilityGlobals) = postSolution
		SolutionGuid = {9CBA7AED-CC95-4DDC-A680-D4E7C08DB2F4}
	EndGlobalSection
EndGlobal
